{
  "name": "cargo-gui",
  "version": "0.1.0",
  "lockfileVersion": 1,
  "requires": true,
  "dependencies": {
    "ansi_up": {
      "version": "4.0.4",
      "resolved": "https://registry.npmjs.org/ansi_up/-/ansi_up-4.0.4.tgz",
      "integrity": "sha512-vRxC8q6QY918MbehO869biJW4tiunJdjOhi5fpY6NLOliBQlZhOkKgABJKJqH+JZfb/WfjvjN1chLWI6tODerw=="
    }
  }
}
